
Microsoft Visual Studio Solution File, Format Version 12.00
# Visual Studio Version 17
VisualStudioVersion = 17.0.31903.59
MinimumVisualStudioVersion = 10.0.40219.1
Project("{FAE04EC0-301F-11D3-BF4B-00C04F79EFBC}") = "Sitrep.Contract", "Sitrep.Contract\Sitrep.Contract.csproj", "{6A59F6E4-5B9E-499E-BD61-E0D7449F9359}"
EndProject
Project("{FAE04EC0-301F-11D3-BF4B-00C04F79EFBC}") = "Sitrep.Core", "Sitrep.Core\Sitrep.Core.csproj", "{B55CCFD2-B058-4112-90FA-69E0E4599CB4}"
EndProject
Project("{FAE04EC0-301F-11D3-BF4B-00C04F79EFBC}") = "Sitrep.Core.Tests", "Sitrep.Core.Tests\Sitrep.Core.Tests.csproj", "{F880A375-A163-4BAC-B850-0CC3E7088D59}"
EndProject
Project("{FAE04EC0-301F-11D3-BF4B-00C04F79EFBC}") = "Sitrep.Host", "Sitrep.Host\Sitrep.Host.csproj", "{D9CA0252-E1BC-4CE0-8575-0DA579032868}"
EndProject
Project("{FAE04EC0-301F-11D3-BF4B-00C04F79EFBC}") = "Sitrep.Host.Tests", "Sitrep.Host.Tests\Sitrep.Host.Tests.csproj", "{18B19293-2847-402E-983E-FD8304B974BD}"
EndProject
Project("{FAE04EC0-301F-11D3-BF4B-00C04F79EFBC}") = "Sitrep.Host.IntegrationTests", "Sitrep.Host.IntegrationTests\Sitrep.Host.IntegrationTests.csproj", "{1FBD1005-0A0B-472B-A8EF-4A2542F06EC5}"
EndProject
Project("{FAE04EC0-301F-11D3-BF4B-00C04F79EFBC}") = "Sitrep.Transport", "Sitrep.Transport\Sitrep.Transport.csproj", "{04F143A7-08D3-47D7-9976-8835AB777C52}"
EndProject
Project("{FAE04EC0-301F-11D3-BF4B-00C04F79EFBC}") = "Sitrep.Propagation", "Sitrep.Propagation\Sitrep.Propagation.csproj", "{4C487ED0-79CC-428C-B8A1-BC2983F4979A}"
EndProject
Project("{FAE04EC0-301F-11D3-BF4B-00C04F79EFBC}") = "Sitrep.Propagation.Tests", "Sitrep.Propagation.Tests\Sitrep.Propagation.Tests.csproj", "{A972664A-1944-47B3-99CE-30874CEC826E}"
EndProject
Project("{FAE04EC0-301F-11D3-BF4B-00C04F79EFBC}") = "Sitrep.Skeleton", "Sitrep.Skeleton\Sitrep.Skeleton.csproj", "{BB4FD327-A426-470D-8042-1B0EBD451096}"
EndProject
Project("{FAE04EC0-301F-11D3-BF4B-00C04F79EFBC}") = "Sitrep.Skeleton.Tests", "Sitrep.Skeleton.Tests\Sitrep.Skeleton.Tests.csproj", "{FDAF32DB-9752-4B4A-AD68-867EC792BACC}"
EndProject
Project("{FAE04EC0-301F-11D3-BF4B-00C04F79EFBC}") = "Sitrep.Transport.Tests", "Sitrep.Transport.Tests\Sitrep.Transport.Tests.csproj", "{90EDB1C4-A056-43E8-B171-A8BE864CA200}"
EndProject
Project("{FAE04EC0-301F-11D3-BF4B-00C04F79EFBC}") = "Gonogo.KSP", "Gonogo.KSP\Gonogo.KSP.csproj", "{F514D5AD-201A-4B8C-B3A4-75C3723B2B41}"
EndProject
Project("{FAE04EC0-301F-11D3-BF4B-00C04F79EFBC}") = "Gonogo.Kos", "Gonogo.Kos\Gonogo.Kos.csproj", "{729E93F9-C68F-4215-BF8E-B2F95250458E}"
EndProject
Project("{FAE04EC0-301F-11D3-BF4B-00C04F79EFBC}") = "Gonogo.Kos.Tests", "Gonogo.Kos.Tests\Gonogo.Kos.Tests.csproj", "{09612ECE-4669-484E-ACCC-FAB19BE3AB5E}"
EndProject
Project("{FAE04EC0-301F-11D3-BF4B-00C04F79EFBC}") = "GonogoScansatUplink", "GonogoScansatUplink\GonogoScansatUplink.csproj", "{A1D295A7-E8CA-45F4-9C84-2A1A784255A4}"
EndProject
Project("{FAE04EC0-301F-11D3-BF4B-00C04F79EFBC}") = "GonogoScansatUplink.Tests", "GonogoScansatUplink.Tests\GonogoScansatUplink.Tests.csproj", "{03C6E847-8ECF-4465-8914-62E3F38903DB}"
EndProject
Global
	GlobalSection(SolutionConfigurationPlatforms) = preSolution
		Debug|Any CPU = Debug|Any CPU
		Debug|x64 = Debug|x64
		Debug|x86 = Debug|x86
		Release|Any CPU = Release|Any CPU
		Release|x64 = Release|x64
		Release|x86 = Release|x86
	EndGlobalSection
	GlobalSection(ProjectConfigurationPlatforms) = postSolution
		{6A59F6E4-5B9E-499E-BD61-E0D7449F9359}.Debug|Any CPU.ActiveCfg = Debug|Any CPU
		{6A59F6E4-5B9E-499E-BD61-E0D7449F9359}.Debug|Any CPU.Build.0 = Debug|Any CPU
		{6A59F6E4-5B9E-499E-BD61-E0D7449F9359}.Debug|x64.ActiveCfg = Debug|Any CPU
		{6A59F6E4-5B9E-499E-BD61-E0D7449F9359}.Debug|x64.Build.0 = Debug|Any CPU
		{6A59F6E4-5B9E-499E-BD61-E0D7449F9359}.Debug|x86.ActiveCfg = Debug|Any CPU
		{6A59F6E4-5B9E-499E-BD61-E0D7449F9359}.Debug|x86.Build.0 = Debug|Any CPU
		{6A59F6E4-5B9E-499E-BD61-E0D7449F9359}.Release|Any CPU.ActiveCfg = Release|Any CPU
		{6A59F6E4-5B9E-499E-BD61-E0D7449F9359}.Release|Any CPU.Build.0 = Release|Any CPU
		{6A59F6E4-5B9E-499E-BD61-E0D7449F9359}.Release|x64.ActiveCfg = Release|Any CPU
		{6A59F6E4-5B9E-499E-BD61-E0D7449F9359}.Release|x64.Build.0 = Release|Any CPU
		{6A59F6E4-5B9E-499E-BD61-E0D7449F9359}.Release|x86.ActiveCfg = Release|Any CPU
		{6A59F6E4-5B9E-499E-BD61-E0D7449F9359}.Release|x86.Build.0 = Release|Any CPU
		{B55CCFD2-B058-4112-90FA-69E0E4599CB4}.Debug|Any CPU.ActiveCfg = Debug|Any CPU
		{B55CCFD2-B058-4112-90FA-69E0E4599CB4}.Debug|Any CPU.Build.0 = Debug|Any CPU
		{B55CCFD2-B058-4112-90FA-69E0E4599CB4}.Debug|x64.ActiveCfg = Debug|Any CPU
		{B55CCFD2-B058-4112-90FA-69E0E4599CB4}.Debug|x64.Build.0 = Debug|Any CPU
		{B55CCFD2-B058-4112-90FA-69E0E4599CB4}.Debug|x86.ActiveCfg = Debug|Any CPU
		{B55CCFD2-B058-4112-90FA-69E0E4599CB4}.Debug|x86.Build.0 = Debug|Any CPU
		{B55CCFD2-B058-4112-90FA-69E0E4599CB4}.Release|Any CPU.ActiveCfg = Release|Any CPU
		{B55CCFD2-B058-4112-90FA-69E0E4599CB4}.Release|Any CPU.Build.0 = Release|Any CPU
		{B55CCFD2-B058-4112-90FA-69E0E4599CB4}.Release|x64.ActiveCfg = Release|Any CPU
		{B55CCFD2-B058-4112-90FA-69E0E4599CB4}.Release|x64.Build.0 = Release|Any CPU
		{B55CCFD2-B058-4112-90FA-69E0E4599CB4}.Release|x86.ActiveCfg = Release|Any CPU
		{B55CCFD2-B058-4112-90FA-69E0E4599CB4}.Release|x86.Build.0 = Release|Any CPU
		{F880A375-A163-4BAC-B850-0CC3E7088D59}.Debug|Any CPU.ActiveCfg = Debug|Any CPU
		{F880A375-A163-4BAC-B850-0CC3E7088D59}.Debug|Any CPU.Build.0 = Debug|Any CPU
		{F880A375-A163-4BAC-B850-0CC3E7088D59}.Debug|x64.ActiveCfg = Debug|Any CPU
		{F880A375-A163-4BAC-B850-0CC3E7088D59}.Debug|x64.Build.0 = Debug|Any CPU
		{F880A375-A163-4BAC-B850-0CC3E7088D59}.Debug|x86.ActiveCfg = Debug|Any CPU
		{F880A375-A163-4BAC-B850-0CC3E7088D59}.Debug|x86.Build.0 = Debug|Any CPU
		{F880A375-A163-4BAC-B850-0CC3E7088D59}.Release|Any CPU.ActiveCfg = Release|Any CPU
		{F880A375-A163-4BAC-B850-0CC3E7088D59}.Release|Any CPU.Build.0 = Release|Any CPU
		{F880A375-A163-4BAC-B850-0CC3E7088D59}.Release|x64.ActiveCfg = Release|Any CPU
		{F880A375-A163-4BAC-B850-0CC3E7088D59}.Release|x64.Build.0 = Release|Any CPU
		{F880A375-A163-4BAC-B850-0CC3E7088D59}.Release|x86.ActiveCfg = Release|Any CPU
		{F880A375-A163-4BAC-B850-0CC3E7088D59}.Release|x86.Build.0 = Release|Any CPU
		{D9CA0252-E1BC-4CE0-8575-0DA579032868}.Debug|Any CPU.ActiveCfg = Debug|Any CPU
		{D9CA0252-E1BC-4CE0-8575-0DA579032868}.Debug|Any CPU.Build.0 = Debug|Any CPU
		{D9CA0252-E1BC-4CE0-8575-0DA579032868}.Debug|x64.ActiveCfg = Debug|Any CPU
		{D9CA0252-E1BC-4CE0-8575-0DA579032868}.Debug|x64.Build.0 = Debug|Any CPU
		{D9CA0252-E1BC-4CE0-8575-0DA579032868}.Debug|x86.ActiveCfg = Debug|Any CPU
		{D9CA0252-E1BC-4CE0-8575-0DA579032868}.Debug|x86.Build.0 = Debug|Any CPU
		{D9CA0252-E1BC-4CE0-8575-0DA579032868}.Release|Any CPU.ActiveCfg = Release|Any CPU
		{D9CA0252-E1BC-4CE0-8575-0DA579032868}.Release|Any CPU.Build.0 = Release|Any CPU
		{D9CA0252-E1BC-4CE0-8575-0DA579032868}.Release|x64.ActiveCfg = Release|Any CPU
		{D9CA0252-E1BC-4CE0-8575-0DA579032868}.Release|x64.Build.0 = Release|Any CPU
		{D9CA0252-E1BC-4CE0-8575-0DA579032868}.Release|x86.ActiveCfg = Release|Any CPU
		{D9CA0252-E1BC-4CE0-8575-0DA579032868}.Release|x86.Build.0 = Release|Any CPU
		{18B19293-2847-402E-983E-FD8304B974BD}.Debug|Any CPU.ActiveCfg = Debug|Any CPU
		{18B19293-2847-402E-983E-FD8304B974BD}.Debug|Any CPU.Build.0 = Debug|Any CPU
		{18B19293-2847-402E-983E-FD8304B974BD}.Debug|x64.ActiveCfg = Debug|Any CPU
		{18B19293-2847-402E-983E-FD8304B974BD}.Debug|x64.Build.0 = Debug|Any CPU
		{18B19293-2847-402E-983E-FD8304B974BD}.Debug|x86.ActiveCfg = Debug|Any CPU
		{18B19293-2847-402E-983E-FD8304B974BD}.Debug|x86.Build.0 = Debug|Any CPU
		{18B19293-2847-402E-983E-FD8304B974BD}.Release|Any CPU.ActiveCfg = Release|Any CPU
		{18B19293-2847-402E-983E-FD8304B974BD}.Release|Any CPU.Build.0 = Release|Any CPU
		{18B19293-2847-402E-983E-FD8304B974BD}.Release|x64.ActiveCfg = Release|Any CPU
		{18B19293-2847-402E-983E-FD8304B974BD}.Release|x64.Build.0 = Release|Any CPU
		{18B19293-2847-402E-983E-FD8304B974BD}.Release|x86.ActiveCfg = Release|Any CPU
		{18B19293-2847-402E-983E-FD8304B974BD}.Release|x86.Build.0 = Release|Any CPU
		{1FBD1005-0A0B-472B-A8EF-4A2542F06EC5}.Debug|Any CPU.ActiveCfg = Debug|Any CPU
		{1FBD1005-0A0B-472B-A8EF-4A2542F06EC5}.Debug|Any CPU.Build.0 = Debug|Any CPU
		{1FBD1005-0A0B-472B-A8EF-4A2542F06EC5}.Debug|x64.ActiveCfg = Debug|Any CPU
		{1FBD1005-0A0B-472B-A8EF-4A2542F06EC5}.Debug|x64.Build.0 = Debug|Any CPU
		{1FBD1005-0A0B-472B-A8EF-4A2542F06EC5}.Debug|x86.ActiveCfg = Debug|Any CPU
		{1FBD1005-0A0B-472B-A8EF-4A2542F06EC5}.Debug|x86.Build.0 = Debug|Any CPU
		{1FBD1005-0A0B-472B-A8EF-4A2542F06EC5}.Release|Any CPU.ActiveCfg = Release|Any CPU
		{1FBD1005-0A0B-472B-A8EF-4A2542F06EC5}.Release|Any CPU.Build.0 = Release|Any CPU
		{1FBD1005-0A0B-472B-A8EF-4A2542F06EC5}.Release|x64.ActiveCfg = Release|Any CPU
		{1FBD1005-0A0B-472B-A8EF-4A2542F06EC5}.Release|x64.Build.0 = Release|Any CPU
		{1FBD1005-0A0B-472B-A8EF-4A2542F06EC5}.Release|x86.ActiveCfg = Release|Any CPU
		{1FBD1005-0A0B-472B-A8EF-4A2542F06EC5}.Release|x86.Build.0 = Release|Any CPU
		{04F143A7-08D3-47D7-9976-8835AB777C52}.Debug|Any CPU.ActiveCfg = Debug|Any CPU
		{04F143A7-08D3-47D7-9976-8835AB777C52}.Debug|Any CPU.Build.0 = Debug|Any CPU
		{04F143A7-08D3-47D7-9976-8835AB777C52}.Debug|x64.ActiveCfg = Debug|Any CPU
		{04F143A7-08D3-47D7-9976-8835AB777C52}.Debug|x64.Build.0 = Debug|Any CPU
		{04F143A7-08D3-47D7-9976-8835AB777C52}.Debug|x86.ActiveCfg = Debug|Any CPU
		{04F143A7-08D3-47D7-9976-8835AB777C52}.Debug|x86.Build.0 = Debug|Any CPU
		{04F143A7-08D3-47D7-9976-8835AB777C52}.Release|Any CPU.ActiveCfg = Release|Any CPU
		{04F143A7-08D3-47D7-9976-8835AB777C52}.Release|Any CPU.Build.0 = Release|Any CPU
		{04F143A7-08D3-47D7-9976-8835AB777C52}.Release|x64.ActiveCfg = Release|Any CPU
		{04F143A7-08D3-47D7-9976-8835AB777C52}.Release|x64.Build.0 = Release|Any CPU
		{04F143A7-08D3-47D7-9976-8835AB777C52}.Release|x86.ActiveCfg = Release|Any CPU
		{04F143A7-08D3-47D7-9976-8835AB777C52}.Release|x86.Build.0 = Release|Any CPU
		{4C487ED0-79CC-428C-B8A1-BC2983F4979A}.Debug|Any CPU.ActiveCfg = Debug|Any CPU
		{4C487ED0-79CC-428C-B8A1-BC2983F4979A}.Debug|Any CPU.Build.0 = Debug|Any CPU
		{4C487ED0-79CC-428C-B8A1-BC2983F4979A}.Debug|x64.ActiveCfg = Debug|Any CPU
		{4C487ED0-79CC-428C-B8A1-BC2983F4979A}.Debug|x64.Build.0 = Debug|Any CPU
		{4C487ED0-79CC-428C-B8A1-BC2983F4979A}.Debug|x86.ActiveCfg = Debug|Any CPU
		{4C487ED0-79CC-428C-B8A1-BC2983F4979A}.Debug|x86.Build.0 = Debug|Any CPU
		{4C487ED0-79CC-428C-B8A1-BC2983F4979A}.Release|Any CPU.ActiveCfg = Release|Any CPU
		{4C487ED0-79CC-428C-B8A1-BC2983F4979A}.Release|Any CPU.Build.0 = Release|Any CPU
		{4C487ED0-79CC-428C-B8A1-BC2983F4979A}.Release|x64.ActiveCfg = Release|Any CPU
		{4C487ED0-79CC-428C-B8A1-BC2983F4979A}.Release|x64.Build.0 = Release|Any CPU
		{4C487ED0-79CC-428C-B8A1-BC2983F4979A}.Release|x86.ActiveCfg = Release|Any CPU
		{4C487ED0-79CC-428C-B8A1-BC2983F4979A}.Release|x86.Build.0 = Release|Any CPU
		{A972664A-1944-47B3-99CE-30874CEC826E}.Debug|Any CPU.ActiveCfg = Debug|Any CPU
		{A972664A-1944-47B3-99CE-30874CEC826E}.Debug|Any CPU.Build.0 = Debug|Any CPU
		{A972664A-1944-47B3-99CE-30874CEC826E}.Debug|x64.ActiveCfg = Debug|Any CPU
		{A972664A-1944-47B3-99CE-30874CEC826E}.Debug|x64.Build.0 = Debug|Any CPU
		{A972664A-1944-47B3-99CE-30874CEC826E}.Debug|x86.ActiveCfg = Debug|Any CPU
		{A972664A-1944-47B3-99CE-30874CEC826E}.Debug|x86.Build.0 = Debug|Any CPU
		{A972664A-1944-47B3-99CE-30874CEC826E}.Release|Any CPU.ActiveCfg = Release|Any CPU
		{A972664A-1944-47B3-99CE-30874CEC826E}.Release|Any CPU.Build.0 = Release|Any CPU
		{A972664A-1944-47B3-99CE-30874CEC826E}.Release|x64.ActiveCfg = Release|Any CPU
		{A972664A-1944-47B3-99CE-30874CEC826E}.Release|x64.Build.0 = Release|Any CPU
		{A972664A-1944-47B3-99CE-30874CEC826E}.Release|x86.ActiveCfg = Release|Any CPU
		{A972664A-1944-47B3-99CE-30874CEC826E}.Release|x86.Build.0 = Release|Any CPU
		{BB4FD327-A426-470D-8042-1B0EBD451096}.Debug|Any CPU.ActiveCfg = Debug|Any CPU
		{BB4FD327-A426-470D-8042-1B0EBD451096}.Debug|Any CPU.Build.0 = Debug|Any CPU
		{BB4FD327-A426-470D-8042-1B0EBD451096}.Debug|x64.ActiveCfg = Debug|Any CPU
		{BB4FD327-A426-470D-8042-1B0EBD451096}.Debug|x64.Build.0 = Debug|Any CPU
		{BB4FD327-A426-470D-8042-1B0EBD451096}.Debug|x86.ActiveCfg = Debug|Any CPU
		{BB4FD327-A426-470D-8042-1B0EBD451096}.Debug|x86.Build.0 = Debug|Any CPU
		{BB4FD327-A426-470D-8042-1B0EBD451096}.Release|Any CPU.ActiveCfg = Release|Any CPU
		{BB4FD327-A426-470D-8042-1B0EBD451096}.Release|Any CPU.Build.0 = Release|Any CPU
		{BB4FD327-A426-470D-8042-1B0EBD451096}.Release|x64.ActiveCfg = Release|Any CPU
		{BB4FD327-A426-470D-8042-1B0EBD451096}.Release|x64.Build.0 = Release|Any CPU
		{BB4FD327-A426-470D-8042-1B0EBD451096}.Release|x86.ActiveCfg = Release|Any CPU
		{BB4FD327-A426-470D-8042-1B0EBD451096}.Release|x86.Build.0 = Release|Any CPU
		{FDAF32DB-9752-4B4A-AD68-867EC792BACC}.Debug|Any CPU.ActiveCfg = Debug|Any CPU
		{FDAF32DB-9752-4B4A-AD68-867EC792BACC}.Debug|Any CPU.Build.0 = Debug|Any CPU
		{FDAF32DB-9752-4B4A-AD68-867EC792BACC}.Debug|x64.ActiveCfg = Debug|Any CPU
		{FDAF32DB-9752-4B4A-AD68-867EC792BACC}.Debug|x64.Build.0 = Debug|Any CPU
		{FDAF32DB-9752-4B4A-AD68-867EC792BACC}.Debug|x86.ActiveCfg = Debug|Any CPU
		{FDAF32DB-9752-4B4A-AD68-867EC792BACC}.Debug|x86.Build.0 = Debug|Any CPU
		{FDAF32DB-9752-4B4A-AD68-867EC792BACC}.Release|Any CPU.ActiveCfg = Release|Any CPU
		{FDAF32DB-9752-4B4A-AD68-867EC792BACC}.Release|Any CPU.Build.0 = Release|Any CPU
		{FDAF32DB-9752-4B4A-AD68-867EC792BACC}.Release|x64.ActiveCfg = Release|Any CPU
		{FDAF32DB-9752-4B4A-AD68-867EC792BACC}.Release|x64.Build.0 = Release|Any CPU
		{FDAF32DB-9752-4B4A-AD68-867EC792BACC}.Release|x86.ActiveCfg = Release|Any CPU
		{FDAF32DB-9752-4B4A-AD68-867EC792BACC}.Release|x86.Build.0 = Release|Any CPU
		{90EDB1C4-A056-43E8-B171-A8BE864CA200}.Debug|Any CPU.ActiveCfg = Debug|Any CPU
		{90EDB1C4-A056-43E8-B171-A8BE864CA200}.Debug|Any CPU.Build.0 = Debug|Any CPU
		{90EDB1C4-A056-43E8-B171-A8BE864CA200}.Debug|x64.ActiveCfg = Debug|Any CPU
		{90EDB1C4-A056-43E8-B171-A8BE864CA200}.Debug|x64.Build.0 = Debug|Any CPU
		{90EDB1C4-A056-43E8-B171-A8BE864CA200}.Debug|x86.ActiveCfg = Debug|Any CPU
		{90EDB1C4-A056-43E8-B171-A8BE864CA200}.Debug|x86.Build.0 = Debug|Any CPU
		{90EDB1C4-A056-43E8-B171-A8BE864CA200}.Release|Any CPU.ActiveCfg = Release|Any CPU
		{90EDB1C4-A056-43E8-B171-A8BE864CA200}.Release|Any CPU.Build.0 = Release|Any CPU
		{90EDB1C4-A056-43E8-B171-A8BE864CA200}.Release|x64.ActiveCfg = Release|Any CPU
		{90EDB1C4-A056-43E8-B171-A8BE864CA200}.Release|x64.Build.0 = Release|Any CPU
		{90EDB1C4-A056-43E8-B171-A8BE864CA200}.Release|x86.ActiveCfg = Release|Any CPU
		{90EDB1C4-A056-43E8-B171-A8BE864CA200}.Release|x86.Build.0 = Release|Any CPU
		{F514D5AD-201A-4B8C-B3A4-75C3723B2B41}.Debug|Any CPU.ActiveCfg = Debug|Any CPU
		{F514D5AD-201A-4B8C-B3A4-75C3723B2B41}.Debug|Any CPU.Build.0 = Debug|Any CPU
		{F514D5AD-201A-4B8C-B3A4-75C3723B2B41}.Debug|x64.ActiveCfg = Debug|Any CPU
		{F514D5AD-201A-4B8C-B3A4-75C3723B2B41}.Debug|x64.Build.0 = Debug|Any CPU
		{F514D5AD-201A-4B8C-B3A4-75C3723B2B41}.Debug|x86.ActiveCfg = Debug|Any CPU
		{F514D5AD-201A-4B8C-B3A4-75C3723B2B41}.Debug|x86.Build.0 = Debug|Any CPU
		{F514D5AD-201A-4B8C-B3A4-75C3723B2B41}.Release|Any CPU.ActiveCfg = Release|Any CPU
		{F514D5AD-201A-4B8C-B3A4-75C3723B2B41}.Release|Any CPU.Build.0 = Release|Any CPU
		{F514D5AD-201A-4B8C-B3A4-75C3723B2B41}.Release|x64.ActiveCfg = Release|Any CPU
		{F514D5AD-201A-4B8C-B3A4-75C3723B2B41}.Release|x64.Build.0 = Release|Any CPU
		{F514D5AD-201A-4B8C-B3A4-75C3723B2B41}.Release|x86.ActiveCfg = Release|Any CPU
		{F514D5AD-201A-4B8C-B3A4-75C3723B2B41}.Release|x86.Build.0 = Release|Any CPU
		{729E93F9-C68F-4215-BF8E-B2F95250458E}.Debug|Any CPU.ActiveCfg = Debug|Any CPU
		{729E93F9-C68F-4215-BF8E-B2F95250458E}.Debug|Any CPU.Build.0 = Debug|Any CPU
		{729E93F9-C68F-4215-BF8E-B2F95250458E}.Debug|x64.ActiveCfg = Debug|Any CPU
		{729E93F9-C68F-4215-BF8E-B2F95250458E}.Debug|x64.Build.0 = Debug|Any CPU
		{729E93F9-C68F-4215-BF8E-B2F95250458E}.Debug|x86.ActiveCfg = Debug|Any CPU
		{729E93F9-C68F-4215-BF8E-B2F95250458E}.Debug|x86.Build.0 = Debug|Any CPU
		{729E93F9-C68F-4215-BF8E-B2F95250458E}.Release|Any CPU.ActiveCfg = Release|Any CPU
		{729E93F9-C68F-4215-BF8E-B2F95250458E}.Release|Any CPU.Build.0 = Release|Any CPU
		{729E93F9-C68F-4215-BF8E-B2F95250458E}.Release|x64.ActiveCfg = Release|Any CPU
		{729E93F9-C68F-4215-BF8E-B2F95250458E}.Release|x64.Build.0 = Release|Any CPU
		{729E93F9-C68F-4215-BF8E-B2F95250458E}.Release|x86.ActiveCfg = Release|Any CPU
		{729E93F9-C68F-4215-BF8E-B2F95250458E}.Release|x86.Build.0 = Release|Any CPU
		{09612ECE-4669-484E-ACCC-FAB19BE3AB5E}.Debug|Any CPU.ActiveCfg = Debug|Any CPU
		{09612ECE-4669-484E-ACCC-FAB19BE3AB5E}.Debug|Any CPU.Build.0 = Debug|Any CPU
		{09612ECE-4669-484E-ACCC-FAB19BE3AB5E}.Debug|x64.ActiveCfg = Debug|Any CPU
		{09612ECE-4669-484E-ACCC-FAB19BE3AB5E}.Debug|x64.Build.0 = Debug|Any CPU
		{09612ECE-4669-484E-ACCC-FAB19BE3AB5E}.Debug|x86.ActiveCfg = Debug|Any CPU
		{09612ECE-4669-484E-ACCC-FAB19BE3AB5E}.Debug|x86.Build.0 = Debug|Any CPU
		{09612ECE-4669-484E-ACCC-FAB19BE3AB5E}.Release|Any CPU.ActiveCfg = Release|Any CPU
		{09612ECE-4669-484E-ACCC-FAB19BE3AB5E}.Release|Any CPU.Build.0 = Release|Any CPU
		{09612ECE-4669-484E-ACCC-FAB19BE3AB5E}.Release|x64.ActiveCfg = Release|Any CPU
		{09612ECE-4669-484E-ACCC-FAB19BE3AB5E}.Release|x64.Build.0 = Release|Any CPU
		{09612ECE-4669-484E-ACCC-FAB19BE3AB5E}.Release|x86.ActiveCfg = Release|Any CPU
		{09612ECE-4669-484E-ACCC-FAB19BE3AB5E}.Release|x86.Build.0 = Release|Any CPU
		{A1D295A7-E8CA-45F4-9C84-2A1A784255A4}.Debug|Any CPU.ActiveCfg = Debug|Any CPU
		{A1D295A7-E8CA-45F4-9C84-2A1A784255A4}.Debug|Any CPU.Build.0 = Debug|Any CPU
		{A1D295A7-E8CA-45F4-9C84-2A1A784255A4}.Debug|x64.ActiveCfg = Debug|Any CPU
		{A1D295A7-E8CA-45F4-9C84-2A1A784255A4}.Debug|x64.Build.0 = Debug|Any CPU
		{A1D295A7-E8CA-45F4-9C84-2A1A784255A4}.Debug|x86.ActiveCfg = Debug|Any CPU
		{A1D295A7-E8CA-45F4-9C84-2A1A784255A4}.Debug|x86.Build.0 = Debug|Any CPU
		{A1D295A7-E8CA-45F4-9C84-2A1A784255A4}.Release|Any CPU.ActiveCfg = Release|Any CPU
		{A1D295A7-E8CA-45F4-9C84-2A1A784255A4}.Release|Any CPU.Build.0 = Release|Any CPU
		{A1D295A7-E8CA-45F4-9C84-2A1A784255A4}.Release|x64.ActiveCfg = Release|Any CPU
		{A1D295A7-E8CA-45F4-9C84-2A1A784255A4}.Release|x64.Build.0 = Release|Any CPU
		{A1D295A7-E8CA-45F4-9C84-2A1A784255A4}.Release|x86.ActiveCfg = Release|Any CPU
		{A1D295A7-E8CA-45F4-9C84-2A1A784255A4}.Release|x86.Build.0 = Release|Any CPU
		{03C6E847-8ECF-4465-8914-62E3F38903DB}.Debug|Any CPU.ActiveCfg = Debug|Any CPU
		{03C6E847-8ECF-4465-8914-62E3F38903DB}.Debug|Any CPU.Build.0 = Debug|Any CPU
		{03C6E847-8ECF-4465-8914-62E3F38903DB}.Debug|x64.ActiveCfg = Debug|Any CPU
		{03C6E847-8ECF-4465-8914-62E3F38903DB}.Debug|x64.Build.0 = Debug|Any CPU
		{03C6E847-8ECF-4465-8914-62E3F38903DB}.Debug|x86.ActiveCfg = Debug|Any CPU
		{03C6E847-8ECF-4465-8914-62E3F38903DB}.Debug|x86.Build.0 = Debug|Any CPU
		{03C6E847-8ECF-4465-8914-62E3F38903DB}.Release|Any CPU.ActiveCfg = Release|Any CPU
		{03C6E847-8ECF-4465-8914-62E3F38903DB}.Release|Any CPU.Build.0 = Release|Any CPU
		{03C6E847-8ECF-4465-8914-62E3F38903DB}.Release|x64.ActiveCfg = Release|Any CPU
		{03C6E847-8ECF-4465-8914-62E3F38903DB}.Release|x64.Build.0 = Release|Any CPU
		{03C6E847-8ECF-4465-8914-62E3F38903DB}.Release|x86.ActiveCfg = Release|Any CPU
		{03C6E847-8ECF-4465-8914-62E3F38903DB}.Release|x86.Build.0 = Release|Any CPU
	EndGlobalSection
	GlobalSection(SolutionProperties) = preSolution
		HideSolutionNode = FALSE
	EndGlobalSection
EndGlobal
